// !$*UTF8*$!
{
	archiveVersion = 1;
	classes = {
	};
	objectVersion = 55;
	objects = {

/* Begin PBXBuildFile section */
		3BB5A42D28C32B0E00D5DD89 /* AppDelegate.swift in Sources */ = {isa = PBXBuildFile; fileRef = 3BB5A42C28C32B0E00D5DD89 /* AppDelegate.swift */; };
		3BB5A43128C32B0E00D5DD89 /* HomeViewController.swift in Sources */ = {isa = PBXBuildFile; fileRef = 3BB5A43028C32B0E00D5DD89 /* HomeViewController.swift */; };
		3BB5A43628C32B0F00D5DD89 /* Assets.xcassets in Resources */ = {isa = PBXBuildFile; fileRef = 3BB5A43528C32B0F00D5DD89 /* Assets.xcassets */; };
		3BB5A43928C32B0F00D5DD89 /* LaunchScreen.storyboard in Resources */ = {isa = PBXBuildFile; fileRef = 3BB5A43728C32B0F00D5DD89 /* LaunchScreen.storyboard */; };
		3BB5A44228C32C8800D5DD89 /* HeaderView.swift in Sources */ = {isa = PBXBuildFile; fileRef = 3BB5A44128C32C8800D5DD89 /* HeaderView.swift */; };
		3BB5A44828C32D9B00D5DD89 /* Factories.swift in Sources */ = {isa = PBXBuildFile; fileRef = 3BB5A44728C32D9B00D5DD89 /* Factories.swift */; };
		3BB5A44C28C3364A00D5DD89 /* Container.swift in Sources */ = {isa = PBXBuildFile; fileRef = 3BB5A44B28C3364A00D5DD89 /* Container.swift */; };
		3BB80BA228C3CFAF0073A435 /* HomeMenuViewController.swift in Sources */ = {isa = PBXBuildFile; fileRef = 3BB80BA128C3CFAF0073A435 /* HomeMenuViewController.swift */; };
		3BB80BA428C3CFF40073A435 /* OriginalsMenuViewController.swift in Sources */ = {isa = PBXBuildFile; fileRef = 3BB80BA328C3CFF40073A435 /* OriginalsMenuViewController.swift */; };
		3BB80BA628C3D0200073A435 /* TVMenuViewController.swift in Sources */ = {isa = PBXBuildFile; fileRef = 3BB80BA528C3D0200073A435 /* TVMenuViewController.swift */; };
		3BB80BA828C3D0430073A435 /* MoviesMenuViewController.swift in Sources */ = {isa = PBXBuildFile; fileRef = 3BB80BA728C3D0430073A435 /* MoviesMenuViewController.swift */; };
		3BB80BAA28C3D0630073A435 /* KidsMenuViewController.swift in Sources */ = {isa = PBXBuildFile; fileRef = 3BB80BA928C3D0630073A435 /* KidsMenuViewController.swift */; };
		3BB80BAD28C3D40F0073A435 /* MovieTopCollectionViewCell.swift in Sources */ = {isa = PBXBuildFile; fileRef = 3BB80BAC28C3D40F0073A435 /* MovieTopCollectionViewCell.swift */; };
		3BB80BB328C3D4F90073A435 /* Model.swift in Sources */ = {isa = PBXBuildFile; fileRef = 3BB80BB228C3D4F90073A435 /* Model.swift */; };
		3BB80BB928C3E9F20073A435 /* MovieCollectionViewCell.swift in Sources */ = {isa = PBXBuildFile; fileRef = 3BB80BB828C3E9F20073A435 /* MovieCollectionViewCell.swift */; };
		3BC571D228C49BF60049F888 /* SectionHeaderView.swift in Sources */ = {isa = PBXBuildFile; fileRef = 3BC571D128C49BF60049F888 /* SectionHeaderView.swift */; };
		3BC571D428C49DED0049F888 /* HomeTableViewCell.swift in Sources */ = {isa = PBXBuildFile; fileRef = 3BC571D328C49DED0049F888 /* HomeTableViewCell.swift */; };
/* End PBXBuildFile section */

/* Begin PBXFileReference section */
		3BB5A42928C32B0E00D5DD89 /* PrimeVideo.app */ = {isa = PBXFileReference; explicitFileType = wrapper.application; includeInIndex = 0; path = PrimeVideo.app; sourceTree = BUILT_PRODUCTS_DIR; };
		3BB5A42C28C32B0E00D5DD89 /* AppDelegate.swift */ = {isa = PBXFileReference; lastKnownFileType = sourcecode.swift; path = AppDelegate.swift; sourceTree = "<group>"; };
		3BB5A43028C32B0E00D5DD89 /* HomeViewController.swift */ = {isa = PBXFileReference; lastKnownFileType = sourcecode.swift; path = HomeViewController.swift; sourceTree = "<group>"; };
		3BB5A43528C32B0F00D5DD89 /* Assets.xcassets */ = {isa = PBXFileReference; lastKnownFileType = folder.assetcatalog; path = Assets.xcassets; sourceTree = "<group>"; };
		3BB5A43828C32B0F00D5DD89 /* Base */ = {isa = PBXFileReference; lastKnownFileType = file.storyboard; name = Base; path = Base.lproj/LaunchScreen.storyboard; sourceTree = "<group>"; };
		3BB5A43A28C32B0F00D5DD89 /* Info.plist */ = {isa = PBXFileReference; lastKnownFileType = text.plist.xml; path = Info.plist; sourceTree = "<group>"; };
		3BB5A44128C32C8800D5DD89 /* HeaderView.swift */ = {isa = PBXFileReference; lastKnownFileType = sourcecode.swift; path = HeaderView.swift; sourceTree = "<group>"; };
		3BB5A44728C32D9B00D5DD89 /* Factories.swift */ = {isa = PBXFileReference; lastKnownFileType = sourcecode.swift; path = Factories.swift; sourceTree = "<group>"; };
		3BB5A44B28C3364A00D5DD89 /* Container.swift */ = {isa = PBXFileReference; lastKnownFileType = sourcecode.swift; path = Container.swift; sourceTree = "<group>"; };
		3BB80BA128C3CFAF0073A435 /* HomeMenuViewController.swift */ = {isa = PBXFileReference; lastKnownFileType = sourcecode.swift; path = HomeMenuViewController.swift; sourceTree = "<group>"; };
		3BB80BA328C3CFF40073A435 /* OriginalsMenuViewController.swift */ = {isa = PBXFileReference; lastKnownFileType = sourcecode.swift; path = OriginalsMenuViewController.swift; sourceTree = "<group>"; };
		3BB80BA528C3D0200073A435 /* TVMenuViewController.swift */ = {isa = PBXFileReference; lastKnownFileType = sourcecode.swift; path = TVMenuViewController.swift; sourceTree = "<group>"; };
		3BB80BA728C3D0430073A435 /* MoviesMenuViewController.swift */ = {isa = PBXFileReference; lastKnownFileType = sourcecode.swift; path = MoviesMenuViewController.swift; sourceTree = "<group>"; };
		3BB80BA928C3D0630073A435 /* KidsMenuViewController.swift */ = {isa = PBXFileReference; lastKnownFileType = sourcecode.swift; path = KidsMenuViewController.swift; sourceTree = "<group>"; };
		3BB80BAC28C3D40F0073A435 /* MovieTopCollectionViewCell.swift */ = {isa = PBXFileReference; lastKnownFileType = sourcecode.swift; path = MovieTopCollectionViewCell.swift; sourceTree = "<group>"; };
		3BB80BB228C3D4F90073A435 /* Model.swift */ = {isa = PBXFileReference; lastKnownFileType = sourcecode.swift; path = Model.swift; sourceTree = "<group>"; };
		3BB80BB828C3E9F20073A435 /* MovieCollectionViewCell.swift */ = {isa = PBXFileReference; lastKnownFileType = sourcecode.swift; path = MovieCollectionViewCell.swift; sourceTree = "<group>"; };
		3BC571D128C49BF60049F888 /* SectionHeaderView.swift */ = {isa = PBXFileReference; lastKnownFileType = sourcecode.swift; path = SectionHeaderView.swift; sourceTree = "<group>"; };
		3BC571D328C49DED0049F888 /* HomeTableViewCell.swift */ = {isa = PBXFileReference; lastKnownFileType = sourcecode.swift; path = HomeTableViewCell.swift; sourceTree = "<group>"; };
/* End PBXFileReference section */

/* Begin PBXFrameworksBuildPhase section */
		3BB5A42628C32B0E00D5DD89 /* Frameworks */ = {
			isa = PBXFrameworksBuildPhase;
			buildActionMask = 2147483647;
			files = (
			);
			runOnlyForDeploymentPostprocessing = 0;
		};
/* End PBXFrameworksBuildPhase section */

/* Begin PBXGroup section */
		3B91786328C5D275009A3A39 /* CollectionViewCell */ = {
			isa = PBXGroup;
			children = (
				3BB80BAC28C3D40F0073A435 /* MovieTopCollectionViewCell.swift */,
				3BB80BB828C3E9F20073A435 /* MovieCollectionViewCell.swift */,
			);
			name = CollectionViewCell;
			sourceTree = "<group>";
		};
		3B91786428C5D29E009A3A39 /* TableViewCell */ = {
			isa = PBXGroup;
			children = (
				3BC571D328C49DED0049F888 /* HomeTableViewCell.swift */,
				3BC571D128C49BF60049F888 /* SectionHeaderView.swift */,
			);
			name = TableViewCell;
			sourceTree = "<group>";
		};
		3B91786528C5D2C0009A3A39 /* Data */ = {
			isa = PBXGroup;
			children = (
				3BB80BB228C3D4F90073A435 /* Model.swift */,
			);
			name = Data;
			sourceTree = "<group>";
		};
		3BB5A42028C32B0E00D5DD89 = {
			isa = PBXGroup;
			children = (
				3BB5A42B28C32B0E00D5DD89 /* PrimeVideo */,
				3BB5A42A28C32B0E00D5DD89 /* Products */,
			);
			sourceTree = "<group>";
		};
		3BB5A42A28C32B0E00D5DD89 /* Products */ = {
			isa = PBXGroup;
			children = (
				3BB5A42928C32B0E00D5DD89 /* PrimeVideo.app */,
			);
			name = Products;
			sourceTree = "<group>";
		};
		3BB5A42B28C32B0E00D5DD89 /* PrimeVideo */ = {
			isa = PBXGroup;
			children = (
				3BB5A44028C32B4B00D5DD89 /* Files */,
				3BB5A42C28C32B0E00D5DD89 /* AppDelegate.swift */,
				3BB5A44728C32D9B00D5DD89 /* Factories.swift */,
				3BB5A44328C32D1300D5DD89 /* Home */,
			);
			path = PrimeVideo;
			sourceTree = "<group>";
		};
		3BB5A44028C32B4B00D5DD89 /* Files */ = {
			isa = PBXGroup;
			children = (
				3BB5A43528C32B0F00D5DD89 /* Assets.xcassets */,
				3BB5A43728C32B0F00D5DD89 /* LaunchScreen.storyboard */,
				3BB5A43A28C32B0F00D5DD89 /* Info.plist */,
			);
			name = Files;
			sourceTree = "<group>";
		};
		3BB5A44328C32D1300D5DD89 /* Home */ = {
			isa = PBXGroup;
			children = (
				3BB5A43028C32B0E00D5DD89 /* HomeViewController.swift */,
				3BB5A44128C32C8800D5DD89 /* HeaderView.swift */,
				3BB5A44B28C3364A00D5DD89 /* Container.swift */,
				3BB80BA028C3CF930073A435 /* MenuBar */,
			);
			name = Home;
			sourceTree = "<group>";
		};
		3BB80BA028C3CF930073A435 /* MenuBar */ = {
			isa = PBXGroup;
			children = (
				3BB80BAB28C3D3EA0073A435 /* HomeMenu */,
				3BB80BAE28C3D4210073A435 /* OriginalsMenu */,
				3BB80BAF28C3D4380073A435 /* TVMemu */,
				3BB80BB028C3D4480073A435 /* MoviesMenu */,
				3BB80BB128C3D4580073A435 /* KidsMenu */,
			);
			name = MenuBar;
			sourceTree = "<group>";
		};
		3BB80BAB28C3D3EA0073A435 /* HomeMenu */ = {
			isa = PBXGroup;
			children = (
				3BB80BA128C3CFAF0073A435 /* HomeMenuViewController.swift */,
				3B91786428C5D29E009A3A39 /* TableViewCell */,
				3B91786328C5D275009A3A39 /* CollectionViewCell */,
				3B91786528C5D2C0009A3A39 /* Data */,
			);
			name = HomeMenu;
			sourceTree = "<group>";
		};
		3BB80BAE28C3D4210073A435 /* OriginalsMenu */ = {
			isa = PBXGroup;
			children = (
				3BB80BA328C3CFF40073A435 /* OriginalsMenuViewController.swift */,
			);
			name = OriginalsMenu;
			sourceTree = "<group>";
		};
		3BB80BAF28C3D4380073A435 /* TVMemu */ = {
			isa = PBXGroup;
			children = (
				3BB80BA528C3D0200073A435 /* TVMenuViewController.swift */,
			);
			name = TVMemu;
			sourceTree = "<group>";
		};
		3BB80BB028C3D4480073A435 /* MoviesMenu */ = {
			isa = PBXGroup;
			children = (
				3BB80BA728C3D0430073A435 /* MoviesMenuViewController.swift */,
			);
			name = MoviesMenu;
			sourceTree = "<group>";
		};
		3BB80BB128C3D4580073A435 /* KidsMenu */ = {
			isa = PBXGroup;
			children = (
				3BB80BA928C3D0630073A435 /* KidsMenuViewController.swift */,
			);
			name = KidsMenu;
			sourceTree = "<group>";
		};
/* End PBXGroup section */

/* Begin PBXNativeTarget section */
		3BB5A42828C32B0E00D5DD89 /* PrimeVideo */ = {
			isa = PBXNativeTarget;
			buildConfigurationList = 3BB5A43D28C32B0F00D5DD89 /* Build configuration list for PBXNativeTarget "PrimeVideo" */;
			buildPhases = (
				3BB5A42528C32B0E00D5DD89 /* Sources */,
				3BB5A42628C32B0E00D5DD89 /* Frameworks */,
				3BB5A42728C32B0E00D5DD89 /* Resources */,
			);
			buildRules = (
			);
			dependencies = (
			);
			name = PrimeVideo;
			productName = PrimeVideo;
			productReference = 3BB5A42928C32B0E00D5DD89 /* PrimeVideo.app */;
			productType = "com.apple.product-type.application";
		};
/* End PBXNativeTarget section */

/* Begin PBXProject section */
		3BB5A42128C32B0E00D5DD89 /* Project object */ = {
			isa = PBXProject;
			attributes = {
				BuildIndependentTargetsInParallel = 1;
				LastSwiftUpdateCheck = 1340;
				LastUpgradeCheck = 1340;
				TargetAttributes = {
					3BB5A42828C32B0E00D5DD89 = {
						CreatedOnToolsVersion = 13.4.1;
					};
				};
			};
			buildConfigurationList = 3BB5A42428C32B0E00D5DD89 /* Build configuration list for PBXProject "PrimeVideo" */;
			compatibilityVersion = "Xcode 13.0";
			developmentRegion = en;
			hasScannedForEncodings = 0;
			knownRegions = (
				en,
				Base,
			);
			mainGroup = 3BB5A42028C32B0E00D5DD89;
			productRefGroup = 3BB5A42A28C32B0E00D5DD89 /* Products */;
			projectDirPath = "";
			projectRoot = "";
			targets = (
				3BB5A42828C32B0E00D5DD89 /* PrimeVideo */,
			);
		};
/* End PBXProject section */

/* Begin PBXResourcesBuildPhase section */
		3BB5A42728C32B0E00D5DD89 /* Resources */ = {
			isa = PBXResourcesBuildPhase;
			buildActionMask = 2147483647;
			files = (
				3BB5A43928C32B0F00D5DD89 /* LaunchScreen.storyboard in Resources */,
				3BB5A43628C32B0F00D5DD89 /* Assets.xcassets in Resources */,
			);
			runOnlyForDeploymentPostprocessing = 0;
		};
/* End PBXResourcesBuildPhase section */

/* Begin PBXSourcesBuildPhase section */
		3BB5A42528C32B0E00D5DD89 /* Sources */ = {
			isa = PBXSourcesBuildPhase;
			buildActionMask = 2147483647;
			files = (
				3BB80BB928C3E9F20073A435 /* MovieCollectionViewCell.swift in Sources */,
				3BB5A44C28C3364A00D5DD89 /* Container.swift in Sources */,
				3BB80BA428C3CFF40073A435 /* OriginalsMenuViewController.swift in Sources */,
				3BB80BB328C3D4F90073A435 /* Model.swift in Sources */,
				3BB5A43128C32B0E00D5DD89 /* HomeViewController.swift in Sources */,
				3BB80BAD28C3D40F0073A435 /* MovieTopCollectionViewCell.swift in Sources */,
				3BC571D428C49DED0049F888 /* HomeTableViewCell.swift in Sources */,
				3BB80BA628C3D0200073A435 /* TVMenuViewController.swift in Sources */,
				3BB5A44228C32C8800D5DD89 /* HeaderView.swift in Sources */,
				3BB80BAA28C3D0630073A435 /* KidsMenuViewController.swift in Sources */,
				3BB5A44828C32D9B00D5DD89 /* Factories.swift in Sources */,
				3BB80BA228C3CFAF0073A435 /* HomeMenuViewController.swift in Sources */,
				3BC571D228C49BF60049F888 /* SectionHeaderView.swift in Sources */,
				3BB80BA828C3D0430073A435 /* MoviesMenuViewController.swift in Sources */,
				3BB5A42D28C32B0E00D5DD89 /* AppDelegate.swift in Sources */,
			);
			runOnlyForDeploymentPostprocessing = 0;
		};
/* End PBXSourcesBuildPhase section */

/* Begin PBXVariantGroup section */
		3BB5A43728C32B0F00D5DD89 /* LaunchScreen.storyboard */ = {
			isa = PBXVariantGroup;
			children = (
				3BB5A43828C32B0F00D5DD89 /* Base */,
			);
			name = LaunchScreen.storyboard;
			sourceTree = "<group>";
		};
/* End PBXVariantGroup section */

/* Begin XCBuildConfiguration section */
		3BB5A43B28C32B0F00D5DD89 /* Debug */ = {
			isa = XCBuildConfiguration;
			buildSettings = {
				ALWAYS_SEARCH_USER_PATHS = NO;
				CLANG_ANALYZER_NONNULL = YES;
				CLANG_ANALYZER_NUMBER_OBJECT_CONVERSION = YES_AGGRESSIVE;
				CLANG_CXX_LANGUAGE_STANDARD = "gnu++17";
				CLANG_ENABLE_MODULES = YES;
				CLANG_ENABLE_OBJC_ARC = YES;
				CLANG_ENABLE_OBJC_WEAK = YES;
				CLANG_WARN_BLOCK_CAPTURE_AUTORELEASING = YES;
				CLANG_WARN_BOOL_CONVERSION = YES;
				CLANG_WARN_COMMA = YES;
				CLANG_WARN_CONSTANT_CONVERSION = YES;
				CLANG_WARN_DEPRECATED_OBJC_IMPLEMENTATIONS = YES;
				CLANG_WARN_DIRECT_OBJC_ISA_USAGE = YES_ERROR;
				CLANG_WARN_DOCUMENTATION_COMMENTS = YES;
				CLANG_WARN_EMPTY_BODY = YES;
				CLANG_WARN_ENUM_CONVERSION = YES;
				CLANG_WARN_INFINITE_RECURSION = YES;
				CLANG_WARN_INT_CONVERSION = YES;
				CLANG_WARN_NON_LITERAL_NULL_CONVERSION = YES;
				CLANG_WARN_OBJC_IMPLICIT_RETAIN_SELF = YES;
				CLANG_WARN_OBJC_LITERAL_CONVERSION = YES;
				CLANG_WARN_OBJC_ROOT_CLASS = YES_ERROR;
				CLANG_WARN_QUOTED_INCLUDE_IN_FRAMEWORK_HEADER = YES;
				CLANG_WARN_RANGE_LOOP_ANALYSIS = YES;
				CLANG_WARN_STRICT_PROTOTYPES = YES;
				CLANG_WARN_SUSPICIOUS_MOVE = YES;
				CLANG_WARN_UNGUARDED_AVAILABILITY = YES_AGGRESSIVE;
				CLANG_WARN_UNREACHABLE_CODE = YES;
				CLANG_WARN__DUPLICATE_METHOD_MATCH = YES;
				COPY_PHASE_STRIP = NO;
				DEBUG_INFORMATION_FORMAT = dwarf;
				ENABLE_STRICT_OBJC_MSGSEND = YES;
				ENABLE_TESTABILITY = YES;
				GCC_C_LANGUAGE_STANDARD = gnu11;
				GCC_DYNAMIC_NO_PIC = NO;
				GCC_NO_COMMON_BLOCKS = YES;
				GCC_OPTIMIZATION_LEVEL = 0;
				GCC_PREPROCESSOR_DEFINITIONS = (
					"DEBUG=1",
					"$(inherited)",
				);
				GCC_WARN_64_TO_32_BIT_CONVERSION = YES;
				GCC_WARN_ABOUT_RETURN_TYPE = YES_ERROR;
				GCC_WARN_UNDECLARED_SELECTOR = YES;
				GCC_WARN_UNINITIALIZED_AUTOS = YES_AGGRESSIVE;
				GCC_WARN_UNUSED_FUNCTION = YES;
				GCC_WARN_UNUSED_VARIABLE = YES;
				IPHONEOS_DEPLOYMENT_TARGET = 15.5;
				MTL_ENABLE_DEBUG_INFO = INCLUDE_SOURCE;
				MTL_FAST_MATH = YES;
				ONLY_ACTIVE_ARCH = YES;
				SDKROOT = iphoneos;
				SWIFT_ACTIVE_COMPILATION_CONDITIONS = DEBUG;
				SWIFT_OPTIMIZATION_LEVEL = "-Onone";
			};
			name = Debug;
		};
		3BB5A43C28C32B0F00D5DD89 /* Release */ = {
			isa = XCBuildConfiguration;
			buildSettings = {
				ALWAYS_SEARCH_USER_PATHS = NO;
				CLANG_ANALYZER_NONNULL = YES;
				CLANG_ANALYZER_NUMBER_OBJECT_CONVERSION = YES_AGGRESSIVE;
				CLANG_CXX_LANGUAGE_STANDARD = "gnu++17";
				CLANG_ENABLE_MODULES = YES;
				CLANG_ENABLE_OBJC_ARC = YES;
				CLANG_ENABLE_OBJC_WEAK = YES;
				CLANG_WARN_BLOCK_CAPTURE_AUTORELEASING = YES;
				CLANG_WARN_BOOL_CONVERSION = YES;
				CLANG_WARN_COMMA = YES;
				CLANG_WARN_CONSTANT_CONVERSION = YES;
				CLANG_WARN_DEPRECATED_OBJC_IMPLEMENTATIONS = YES;
				CLANG_WARN_DIRECT_OBJC_ISA_USAGE = YES_ERROR;
				CLANG_WARN_DOCUMENTATION_COMMENTS = YES;
				CLANG_WARN_EMPTY_BODY = YES;
				CLANG_WARN_ENUM_CONVERSION = YES;
				CLANG_WARN_INFINITE_RECURSION = YES;
				CLANG_WARN_INT_CONVERSION = YES;
				CLANG_WARN_NON_LITERAL_NULL_CONVERSION = YES;
				CLANG_WARN_OBJC_IMPLICIT_RETAIN_SELF = YES;
				CLANG_WARN_OBJC_LITERAL_CONVERSION = YES;
				CLANG_WARN_OBJC_ROOT_CLASS = YES_ERROR;
				CLANG_WARN_QUOTED_INCLUDE_IN_FRAMEWORK_HEADER = YES;
				CLANG_WARN_RANGE_LOOP_ANALYSIS = YES;
				CLANG_WARN_STRICT_PROTOTYPES = YES;
				CLANG_WARN_SUSPICIOUS_MOVE = YES;
				CLANG_WARN_UNGUARDED_AVAILABILITY = YES_AGGRESSIVE;
				CLANG_WARN_UNREACHABLE_CODE = YES;
				CLANG_WARN__DUPLICATE_METHOD_MATCH = YES;
				COPY_PHASE_STRIP = NO;
				DEBUG_INFORMATION_FORMAT = "dwarf-with-dsym";
				ENABLE_NS_ASSERTIONS = NO;
				ENABLE_STRICT_OBJC_MSGSEND = YES;
				GCC_C_LANGUAGE_STANDARD = gnu11;
				GCC_NO_COMMON_BLOCKS = YES;
				GCC_WARN_64_TO_32_BIT_CONVERSION = YES;
				GCC_WARN_ABOUT_RETURN_TYPE = YES_ERROR;
				GCC_WARN_UNDECLARED_SELECTOR = YES;
				GCC_WARN_UNINITIALIZED_AUTOS = YES_AGGRESSIVE;
				GCC_WARN_UNUSED_FUNCTION = YES;
				GCC_WARN_UNUSED_VARIABLE = YES;
				IPHONEOS_DEPLOYMENT_TARGET = 15.5;
				MTL_ENABLE_DEBUG_INFO = NO;
				MTL_FAST_MATH = YES;
				SDKROOT = iphoneos;
				SWIFT_COMPILATION_MODE = wholemodule;
				SWIFT_OPTIMIZATION_LEVEL = "-O";
				VALIDATE_PRODUCT = YES;
			};
			name = Release;
		};
		3BB5A43E28C32B0F00D5DD89 /* Debug */ = {
			isa = XCBuildConfiguration;
			buildSettings = {
				ASSETCATALOG_COMPILER_APPICON_NAME = AppIcon;
				ASSETCATALOG_COMPILER_GLOBAL_ACCENT_COLOR_NAME = AccentColor;
				CODE_SIGN_STYLE = Automatic;
				CURRENT_PROJECT_VERSION = 1;
				DEVELOPMENT_TEAM = G3VP62JDQQ;
				GENERATE_INFOPLIST_FILE = YES;
				INFOPLIST_FILE = PrimeVideo/Info.plist;
				INFOPLIST_KEY_UIApplicationSupportsIndirectInputEvents = YES;
				INFOPLIST_KEY_UILaunchStoryboardName = LaunchScreen;
				INFOPLIST_KEY_UISupportedInterfaceOrientations_iPad = "UIInterfaceOrientationPortrait UIInterfaceOrientationPortraitUpsideDown UIInterfaceOrientationLandscapeLeft UIInterfaceOrientationLandscapeRight";
				INFOPLIST_KEY_UISupportedInterfaceOrientations_iPhone = "UIInterfaceOrientationPortrait UIInterfaceOrientationLandscapeLeft UIInterfaceOrientationLandscapeRight";
				LD_RUNPATH_SEARCH_PATHS = (
					"$(inherited)",
					"@executable_path/Frameworks",
				);
				MARKETING_VERSION = 1.0;
				PRODUCT_BUNDLE_IDENTIFIER = dmitriikim.PrimeVideo;
				PRODUCT_NAME = "$(TARGET_NAME)";
				SWIFT_EMIT_LOC_STRINGS = YES;
				SWIFT_VERSION = 5.0;
				TARGETED_DEVICE_FAMILY = "1,2";
			};
			name = Debug;
		};
		3BB5A43F28C32B0F00D5DD89 /* Release */ = {
			isa = XCBuildConfiguration;
			buildSettings = {
				ASSETCATALOG_COMPILER_APPICON_NAME = AppIcon;
				ASSETCATALOG_COMPILER_GLOBAL_ACCENT_COLOR_NAME = AccentColor;
				CODE_SIGN_STYLE = Automatic;
				CURRENT_PROJECT_VERSION = 1;
				DEVELOPMENT_TEAM = G3VP62JDQQ;
				GENERATE_INFOPLIST_FILE = YES;
				INFOPLIST_FILE = PrimeVideo/Info.plist;
				INFOPLIST_KEY_UIApplicationSupportsIndirectInputEvents = YES;
				INFOPLIST_KEY_UILaunchStoryboardName = LaunchScreen;
				INFOPLIST_KEY_UISupportedInterfaceOrientations_iPad = "UIInterfaceOrientationPortrait UIInterfaceOrientationPortraitUpsideDown UIInterfaceOrientationLandscapeLeft UIInterfaceOrientationLandscapeRight";
				INFOPLIST_KEY_UISupportedInterfaceOrientations_iPhone = "UIInterfaceOrientationPortrait UIInterfaceOrientationLandscapeLeft UIInterfaceOrientationLandscapeRight";
				LD_RUNPATH_SEARCH_PATHS = (
					"$(inherited)",
					"@executable_path/Frameworks",
				);
				MARKETING_VERSION = 1.0;
				PRODUCT_BUNDLE_IDENTIFIER = dmitriikim.PrimeVideo;
				PRODUCT_NAME = "$(TARGET_NAME)";
				SWIFT_EMIT_LOC_STRINGS = YES;
				SWIFT_VERSION = 5.0;
				TARGETED_DEVICE_FAMILY = "1,2";
			};
			name = Release;
		};
/* End XCBuildConfiguration section */

/* Begin XCConfigurationList section */
		3BB5A42428C32B0E00D5DD89 /* Build configuration list for PBXProject "PrimeVideo" */ = {
			isa = XCConfigurationList;
			buildConfigurations = (
				3BB5A43B28C32B0F00D5DD89 /* Debug */,
				3BB5A43C28C32B0F00D5DD89 /* Release */,
			);
			defaultConfigurationIsVisible = 0;
			defaultConfigurationName = Release;
		};
		3BB5A43D28C32B0F00D5DD89 /* Build configuration list for PBXNativeTarget "PrimeVideo" */ = {
			isa = XCConfigurationList;
			buildConfigurations = (
				3BB5A43E28C32B0F00D5DD89 /* Debug */,
				3BB5A43F28C32B0F00D5DD89 /* Release */,
			);
			defaultConfigurationIsVisible = 0;
			defaultConfigurationName = Release;
		};
/* End XCConfigurationList section */
	};
	rootObject = 3BB5A42128C32B0E00D5DD89 /* Project object */;
}
